// !$*UTF8*$!
{
	archiveVersion = 1;
	classes = {
	};
	objectVersion = 56;
	objects = {

/* Begin PBXBuildFile section */
		AA8C1F5B2F885216000CE99E /* AppDelegate.swift in Sources */ = {isa = PBXBuildFile; fileRef = AA8C1F5A2F885216000CE99E /* AppDelegate.swift */; };
		AA8C1F5D2F885216000CE99E /* SceneDelegate.swift in Sources */ = {isa = PBXBuildFile; fileRef = AA8C1F5C2F885216000CE99E /* SceneDelegate.swift */; };
		AA8C1F5F2F885216000CE99E /* ViewController.swift in Sources */ = {isa = PBXBuildFile; fileRef = AA8C1F5E2F885216000CE99E /* ViewController.swift */; };
		AA8C1F622F885216000CE99E /* Main.storyboard in Resources */ = {isa = PBXBuildFile; fileRef = AA8C1F602F885216000CE99E /* Main.storyboard */; };
		AA8C1F652F885216000CE99E /* A2_iOS_Mitchell_101186647.xcdatamodeld in Sources */ = {isa = PBXBuildFile; fileRef = AA8C1F632F885216000CE99E /* A2_iOS_Mitchell_101186647.xcdatamodeld */; };
		AA8C1F672F885230000CE99E /* Assets.xcassets in Resources */ = {isa = PBXBuildFile; fileRef = AA8C1F662F885230000CE99E /* Assets.xcassets */; };
		AA8C1F6A2F885230000CE99E /* LaunchScreen.storyboard in Resources */ = {isa = PBXBuildFile; fileRef = AA8C1F682F885230000CE99E /* LaunchScreen.storyboard */; };
		AA8C1F732F88557F000CE99E /* Product+CoreDataClass.swift in Sources */ = {isa = PBXBuildFile; fileRef = AA8C1F712F88557F000CE99E /* Product+CoreDataClass.swift */; };
		AA8C1F742F88557F000CE99E /* Product+CoreDataProperties.swift in Sources */ = {isa = PBXBuildFile; fileRef = AA8C1F722F88557F000CE99E /* Product+CoreDataProperties.swift */; };
/* End PBXBuildFile section */

/* Begin PBXFileReference section */
		AA8C1F572F885216000CE99E /* A2_iOS_Mitchell_101186647.app */ = {isa = PBXFileReference; explicitFileType = wrapper.application; includeInIndex = 0; path = A2_iOS_Mitchell_101186647.app; sourceTree = BUILT_PRODUCTS_DIR; };
		AA8C1F5A2F885216000CE99E /* AppDelegate.swift */ = {isa = PBXFileReference; lastKnownFileType = sourcecode.swift; path = AppDelegate.swift; sourceTree = "<group>"; };
		AA8C1F5C2F885216000CE99E /* SceneDelegate.swift */ = {isa = PBXFileReference; lastKnownFileType = sourcecode.swift; path = SceneDelegate.swift; sourceTree = "<group>"; };
		AA8C1F5E2F885216000CE99E /* ViewController.swift */ = {isa = PBXFileReference; lastKnownFileType = sourcecode.swift; path = ViewController.swift; sourceTree = "<group>"; };
		AA8C1F612F885216000CE99E /* Base */ = {isa = PBXFileReference; lastKnownFileType = file.storyboard; name = Base; path = Base.lproj/Main.storyboard; sourceTree = "<group>"; };
		AA8C1F642F885216000CE99E /* A2_iOS_Mitchell_101186647.xcdatamodel */ = {isa = PBXFileReference; lastKnownFileType = wrapper.xcdatamodel; path = A2_iOS_Mitchell_101186647.xcdatamodel; sourceTree = "<group>"; };
		AA8C1F662F885230000CE99E /* Assets.xcassets */ = {isa = PBXFileReference; lastKnownFileType = folder.assetcatalog; path = Assets.xcassets; sourceTree = "<group>"; };
		AA8C1F692F885230000CE99E /* Base */ = {isa = PBXFileReference; lastKnownFileType = file.storyboard; name = Base; path = Base.lproj/LaunchScreen.storyboard; sourceTree = "<group>"; };
		AA8C1F6B2F885230000CE99E /* Info.plist */ = {isa = PBXFileReference; lastKnownFileType = text.plist.xml; path = Info.plist; sourceTree = "<group>"; };
		AA8C1F712F88557F000CE99E /* Product+CoreDataClass.swift */ = {isa = PBXFileReference; lastKnownFileType = sourcecode.swift; path = "Product+CoreDataClass.swift"; sourceTree = "<group>"; };
		AA8C1F722F88557F000CE99E /* Product+CoreDataProperties.swift */ = {isa = PBXFileReference; lastKnownFileType = sourcecode.swift; path = "Product+CoreDataProperties.swift"; sourceTree = "<group>"; };
/* End PBXFileReference section */

/* Begin PBXFrameworksBuildPhase section */
		AA8C1F542F885216000CE99E /* Frameworks */ = {
			isa = PBXFrameworksBuildPhase;
			buildActionMask = 2147483647;
			files = (
			);
			runOnlyForDeploymentPostprocessing = 0;
		};
/* End PBXFrameworksBuildPhase section */

/* Begin PBXGroup section */
		AA8C1F4E2F885216000CE99E = {
			isa = PBXGroup;
			children = (
				AA8C1F592F885216000CE99E /* A2_iOS_Mitchell_101186647 */,
				AA8C1F582F885216000CE99E /* Products */,
			);
			sourceTree = "<group>";
		};
		AA8C1F582F885216000CE99E /* Products */ = {
			isa = PBXGroup;
			children = (
				AA8C1F572F885216000CE99E /* A2_iOS_Mitchell_101186647.app */,
			);
			name = Products;
			sourceTree = "<group>";
		};
		AA8C1F592F885216000CE99E /* A2_iOS_Mitchell_101186647 */ = {
			isa = PBXGroup;
			children = (
				AA8C1F722F88557F000CE99E /* Product+CoreDataProperties.swift */,
				AA8C1F712F88557F000CE99E /* Product+CoreDataClass.swift */,
				AA8C1F5A2F885216000CE99E /* AppDelegate.swift */,
				AA8C1F5C2F885216000CE99E /* SceneDelegate.swift */,
				AA8C1F5E2F885216000CE99E /* ViewController.swift */,
				AA8C1F602F885216000CE99E /* Main.storyboard */,
				AA8C1F662F885230000CE99E /* Assets.xcassets */,
				AA8C1F682F885230000CE99E /* LaunchScreen.storyboard */,
				AA8C1F6B2F885230000CE99E /* Info.plist */,
				AA8C1F632F885216000CE99E /* A2_iOS_Mitchell_101186647.xcdatamodeld */,
			);
			path = A2_iOS_Mitchell_101186647;
			sourceTree = "<group>";
		};
/* End PBXGroup section */

/* Begin PBXNativeTarget section */
		AA8C1F562F885216000CE99E /* A2_iOS_Mitchell_101186647 */ = {
			isa = PBXNativeTarget;
			buildConfigurationList = AA8C1F6E2F885230000CE99E /* Build configuration list for PBXNativeTarget "A2_iOS_Mitchell_101186647" */;
			buildPhases = (
				AA8C1F532F885216000CE99E /* Sources */,
				AA8C1F542F885216000CE99E /* Frameworks */,
				AA8C1F552F885216000CE99E /* Resources */,
			);
			buildRules = (
			);
			dependencies = (
			);
			name = A2_iOS_Mitchell_101186647;
			productName = A2_iOS_Mitchell_101186647;
			productReference = AA8C1F572F885216000CE99E /* A2_iOS_Mitchell_101186647.app */;
			productType = "com.apple.product-type.application";
		};
/* End PBXNativeTarget section */

/* Begin PBXProject section */
		AA8C1F4F2F885216000CE99E /* Project object */ = {
			isa = PBXProject;
			attributes = {
				BuildIndependentTargetsInParallel = 1;
				LastSwiftUpdateCheck = 1420;
				LastUpgradeCheck = 1420;
				TargetAttributes = {
					AA8C1F562F885216000CE99E = {
						CreatedOnToolsVersion = 14.2;
					};
				};
			};
			buildConfigurationList = AA8C1F522F885216000CE99E /* Build configuration list for PBXProject "A2_iOS_Mitchell_101186647" */;
			compatibilityVersion = "Xcode 14.0";
			developmentRegion = en;
			hasScannedForEncodings = 0;
			knownRegions = (
				en,
				Base,
			);
			mainGroup = AA8C1F4E2F885216000CE99E;
			productRefGroup = AA8C1F582F885216000CE99E /* Products */;
			projectDirPath = "";
			projectRoot = "";
			targets = (
				AA8C1F562F885216000CE99E /* A2_iOS_Mitchell_101186647 */,
			);
		};
/* End PBXProject section */

/* Begin PBXResourcesBuildPhase section */
		AA8C1F552F885216000CE99E /* Resources */ = {
			isa = PBXResourcesBuildPhase;
			buildActionMask = 2147483647;
			files = (
				AA8C1F6A2F885230000CE99E /* LaunchScreen.storyboard in Resources */,
				AA8C1F672F885230000CE99E /* Assets.xcassets in Resources */,
				AA8C1F622F885216000CE99E /* Main.storyboard in Resources */,
			);
			runOnlyForDeploymentPostprocessing = 0;
		};
/* End PBXResourcesBuildPhase section */

/* Begin PBXSourcesBuildPhase section */
		AA8C1F532F885216000CE99E /* Sources */ = {
			isa = PBXSourcesBuildPhase;
			buildActionMask = 2147483647;
			files = (
				AA8C1F5F2F885216000CE99E /* ViewController.swift in Sources */,
				AA8C1F652F885216000CE99E /* A2_iOS_Mitchell_101186647.xcdatamodeld in Sources */,
				AA8C1F742F88557F000CE99E /* Product+CoreDataProperties.swift in Sources */,
				AA8C1F5B2F885216000CE99E /* AppDelegate.swift in Sources */,
				AA8C1F732F88557F000CE99E /* Product+CoreDataClass.swift in Sources */,
				AA8C1F5D2F885216000CE99E /* SceneDelegate.swift in Sources */,
			);
			runOnlyForDeploymentPostprocessing = 0;
		};
/* End PBXSourcesBuildPhase section */

/* Begin PBXVariantGroup section */
		AA8C1F602F885216000CE99E /* Main.storyboard */ = {
			isa = PBXVariantGroup;
			children = (
				AA8C1F612F885216000CE99E /* Base */,
			);
			name = Main.storyboard;
			sourceTree = "<group>";
		};
		AA8C1F682F885230000CE99E /* LaunchScreen.storyboard */ = {
			isa = PBXVariantGroup;
			children = (
				AA8C1F692F885230000CE99E /* Base */,
			);
			name = LaunchScreen.storyboard;
			sourceTree = "<group>";
		};
/* End PBXVariantGroup section */

/* Begin XCBuildConfiguration section */
		AA8C1F6C2F885230000CE99E /* Debug */ = {
			isa = XCBuildConfiguration;
			buildSettings = {
				ALWAYS_SEARCH_USER_PATHS = NO;
				CLANG_ANALYZER_NONNULL = YES;
				CLANG_ANALYZER_NUMBER_OBJECT_CONVERSION = YES_AGGRESSIVE;
				CLANG_CXX_LANGUAGE_STANDARD = "gnu++20";
				CLANG_ENABLE_MODULES = YES;
				CLANG_ENABLE_OBJC_ARC = YES;
				CLANG_ENABLE_OBJC_WEAK = YES;
				CLANG_WARN_BLOCK_CAPTURE_AUTORELEASING = YES;
				CLANG_WARN_BOOL_CONVERSION = YES;
				CLANG_WARN_COMMA = YES;
				CLANG_WARN_CONSTANT_CONVERSION = YES;
				CLANG_WARN_DEPRECATED_OBJC_IMPLEMENTATIONS = YES;
				CLANG_WARN_DIRECT_OBJC_ISA_USAGE = YES_ERROR;
				CLANG_WARN_DOCUMENTATION_COMMENTS = YES;
				CLANG_WARN_EMPTY_BODY = YES;
				CLANG_WARN_ENUM_CONVERSION = YES;
				CLANG_WARN_INFINITE_RECURSION = YES;
				CLANG_WARN_INT_CONVERSION = YES;
				CLANG_WARN_NON_LITERAL_NULL_CONVERSION = YES;
				CLANG_WARN_OBJC_IMPLICIT_RETAIN_SELF = YES;
				CLANG_WARN_OBJC_LITERAL_CONVERSION = YES;
				CLANG_WARN_OBJC_ROOT_CLASS = YES_ERROR;
				CLANG_WARN_QUOTED_INCLUDE_IN_FRAMEWORK_HEADER = YES;
				CLANG_WARN_RANGE_LOOP_ANALYSIS = YES;
				CLANG_WARN_STRICT_PROTOTYPES = YES;
				CLANG_WARN_SUSPICIOUS_MOVE = YES;
				CLANG_WARN_UNGUARDED_AVAILABILITY = YES_AGGRESSIVE;
				CLANG_WARN_UNREACHABLE_CODE = YES;
				CLANG_WARN__DUPLICATE_METHOD_MATCH = YES;
				COPY_PHASE_STRIP = NO;
				DEBUG_INFORMATION_FORMAT = dwarf;
				ENABLE_STRICT_OBJC_MSGSEND = YES;
				ENABLE_TESTABILITY = YES;
				GCC_C_LANGUAGE_STANDARD = gnu11;
				GCC_DYNAMIC_NO_PIC = NO;
				GCC_NO_COMMON_BLOCKS = YES;
				GCC_OPTIMIZATION_LEVEL = 0;
				GCC_PREPROCESSOR_DEFINITIONS = (
					"DEBUG=1",
					"$(inherited)",
				);
				GCC_WARN_64_TO_32_BIT_CONVERSION = YES;
				GCC_WARN_ABOUT_RETURN_TYPE = YES_ERROR;
				GCC_WARN_UNDECLARED_SELECTOR = YES;
				GCC_WARN_UNINITIALIZED_AUTOS = YES_AGGRESSIVE;
				GCC_WARN_UNUSED_FUNCTION = YES;
				GCC_WARN_UNUSED_VARIABLE = YES;
				IPHONEOS_DEPLOYMENT_TARGET = 16.2;
				MTL_ENABLE_DEBUG_INFO = INCLUDE_SOURCE;
				MTL_FAST_MATH = YES;
				ONLY_ACTIVE_ARCH = YES;
				SDKROOT = iphoneos;
				SWIFT_ACTIVE_COMPILATION_CONDITIONS = DEBUG;
				SWIFT_OPTIMIZATION_LEVEL = "-Onone";
			};
			name = Debug;
		};
		AA8C1F6D2F885230000CE99E /* Release */ = {
			isa = XCBuildConfiguration;
			buildSettings = {
				ALWAYS_SEARCH_USER_PATHS = NO;
				CLANG_ANALYZER_NONNULL = YES;
				CLANG_ANALYZER_NUMBER_OBJECT_CONVERSION = YES_AGGRESSIVE;
				CLANG_CXX_LANGUAGE_STANDARD = "gnu++20";
				CLANG_ENABLE_MODULES = YES;
				CLANG_ENABLE_OBJC_ARC = YES;
				CLANG_ENABLE_OBJC_WEAK = YES;
				CLANG_WARN_BLOCK_CAPTURE_AUTORELEASING = YES;
				CLANG_WARN_BOOL_CONVERSION = YES;
				CLANG_WARN_COMMA = YES;
				CLANG_WARN_CONSTANT_CONVERSION = YES;
				CLANG_WARN_DEPRECATED_OBJC_IMPLEMENTATIONS = YES;
				CLANG_WARN_DIRECT_OBJC_ISA_USAGE = YES_ERROR;
				CLANG_WARN_DOCUMENTATION_COMMENTS = YES;
				CLANG_WARN_EMPTY_BODY = YES;
				CLANG_WARN_ENUM_CONVERSION = YES;
				CLANG_WARN_INFINITE_RECURSION = YES;
				CLANG_WARN_INT_CONVERSION = YES;
				CLANG_WARN_NON_LITERAL_NULL_CONVERSION = YES;
				CLANG_WARN_OBJC_IMPLICIT_RETAIN_SELF = YES;
				CLANG_WARN_OBJC_LITERAL_CONVERSION = YES;
				CLANG_WARN_OBJC_ROOT_CLASS = YES_ERROR;
				CLANG_WARN_QUOTED_INCLUDE_IN_FRAMEWORK_HEADER = YES;
				CLANG_WARN_RANGE_LOOP_ANALYSIS = YES;
				CLANG_WARN_STRICT_PROTOTYPES = YES;
				CLANG_WARN_SUSPICIOUS_MOVE = YES;
				CLANG_WARN_UNGUARDED_AVAILABILITY = YES_AGGRESSIVE;
				CLANG_WARN_UNREACHABLE_CODE = YES;
				CLANG_WARN__DUPLICATE_METHOD_MATCH = YES;
				COPY_PHASE_STRIP = NO;
				DEBUG_INFORMATION_FORMAT = "dwarf-with-dsym";
				ENABLE_NS_ASSERTIONS = NO;
				ENABLE_STRICT_OBJC_MSGSEND = YES;
				GCC_C_LANGUAGE_STANDARD = gnu11;
				GCC_NO_COMMON_BLOCKS = YES;
				GCC_WARN_64_TO_32_BIT_CONVERSION = YES;
				GCC_WARN_ABOUT_RETURN_TYPE = YES_ERROR;
				GCC_WARN_UNDECLARED_SELECTOR = YES;
				GCC_WARN_UNINITIALIZED_AUTOS = YES_AGGRESSIVE;
				GCC_WARN_UNUSED_FUNCTION = YES;
				GCC_WARN_UNUSED_VARIABLE = YES;
				IPHONEOS_DEPLOYMENT_TARGET = 16.2;
				MTL_ENABLE_DEBUG_INFO = NO;
				MTL_FAST_MATH = YES;
				SDKROOT = iphoneos;
				SWIFT_COMPILATION_MODE = wholemodule;
				SWIFT_OPTIMIZATION_LEVEL = "-O";
				VALIDATE_PRODUCT = YES;
			};
			name = Release;
		};
		AA8C1F6F2F885230000CE99E /* Debug */ = {
			isa = XCBuildConfiguration;
			buildSettings = {
				ASSETCATALOG_COMPILER_APPICON_NAME = AppIcon;
				ASSETCATALOG_COMPILER_GLOBAL_ACCENT_COLOR_NAME = AccentColor;
				CODE_SIGN_STYLE = Automatic;
				CURRENT_PROJECT_VERSION = 1;
				GENERATE_INFOPLIST_FILE = YES;
				INFOPLIST_FILE = A2_iOS_Mitchell_101186647/Info.plist;
				INFOPLIST_KEY_UIApplicationSupportsIndirectInputEvents = YES;
				INFOPLIST_KEY_UILaunchStoryboardName = LaunchScreen;
				INFOPLIST_KEY_UIMainStoryboardFile = Main;
				INFOPLIST_KEY_UISupportedInterfaceOrientations_iPad = "UIInterfaceOrientationPortrait UIInterfaceOrientationPortraitUpsideDown UIInterfaceOrientationLandscapeLeft UIInterfaceOrientationLandscapeRight";
				INFOPLIST_KEY_UISupportedInterfaceOrientations_iPhone = "UIInterfaceOrientationPortrait UIInterfaceOrientationLandscapeLeft UIInterfaceOrientationLandscapeRight";
				LD_RUNPATH_SEARCH_PATHS = (
					"$(inherited)",
					"@executable_path/Frameworks",
				);
				MARKETING_VERSION = 1.0;
				PRODUCT_BUNDLE_IDENTIFIER = "gbc.A2-iOS-Mitchell-101186647";
				PRODUCT_NAME = "$(TARGET_NAME)";
				SWIFT_EMIT_LOC_STRINGS = YES;
				SWIFT_VERSION = 5.0;
				TARGETED_DEVICE_FAMILY = "1,2";
			};
			name = Debug;
		};
		AA8C1F702F885230000CE99E /* Release */ = {
			isa = XCBuildConfiguration;
			buildSettings = {
				ASSETCATALOG_COMPILER_APPICON_NAME = AppIcon;
				ASSETCATALOG_COMPILER_GLOBAL_ACCENT_COLOR_NAME = AccentColor;
				CODE_SIGN_STYLE = Automatic;
				CURRENT_PROJECT_VERSION = 1;
				GENERATE_INFOPLIST_FILE = YES;
				INFOPLIST_FILE = A2_iOS_Mitchell_101186647/Info.plist;
				INFOPLIST_KEY_UIApplicationSupportsIndirectInputEvents = YES;
				INFOPLIST_KEY_UILaunchStoryboardName = LaunchScreen;
				INFOPLIST_KEY_UIMainStoryboardFile = Main;
				INFOPLIST_KEY_UISupportedInterfaceOrientations_iPad = "UIInterfaceOrientationPortrait UIInterfaceOrientationPortraitUpsideDown UIInterfaceOrientationLandscapeLeft UIInterfaceOrientationLandscapeRight";
				INFOPLIST_KEY_UISupportedInterfaceOrientations_iPhone = "UIInterfaceOrientationPortrait UIInterfaceOrientationLandscapeLeft UIInterfaceOrientationLandscapeRight";
				LD_RUNPATH_SEARCH_PATHS = (
					"$(inherited)",
					"@executable_path/Frameworks",
				);
				MARKETING_VERSION = 1.0;
				PRODUCT_BUNDLE_IDENTIFIER = "gbc.A2-iOS-Mitchell-101186647";
				PRODUCT_NAME = "$(TARGET_NAME)";
				SWIFT_EMIT_LOC_STRINGS = YES;
				SWIFT_VERSION = 5.0;
				TARGETED_DEVICE_FAMILY = "1,2";
			};
			name = Release;
		};
/* End XCBuildConfiguration section */

/* Begin XCConfigurationList section */
		AA8C1F522F885216000CE99E /* Build configuration list for PBXProject "A2_iOS_Mitchell_101186647" */ = {
			isa = XCConfigurationList;
			buildConfigurations = (
				AA8C1F6C2F885230000CE99E /* Debug */,
				AA8C1F6D2F885230000CE99E /* Release */,
			);
			defaultConfigurationIsVisible = 0;
			defaultConfigurationName = Release;
		};
		AA8C1F6E2F885230000CE99E /* Build configuration list for PBXNativeTarget "A2_iOS_Mitchell_101186647" */ = {
			isa = XCConfigurationList;
			buildConfigurations = (
				AA8C1F6F2F885230000CE99E /* Debug */,
				AA8C1F702F885230000CE99E /* Release */,
			);
			defaultConfigurationIsVisible = 0;
			defaultConfigurationName = Release;
		};
/* End XCConfigurationList section */

/* Begin XCVersionGroup section */
		AA8C1F632F885216000CE99E /* A2_iOS_Mitchell_101186647.xcdatamodeld */ = {
			isa = XCVersionGroup;
			children = (
				AA8C1F642F885216000CE99E /* A2_iOS_Mitchell_101186647.xcdatamodel */,
			);
			currentVersion = AA8C1F642F885216000CE99E /* A2_iOS_Mitchell_101186647.xcdatamodel */;
			path = A2_iOS_Mitchell_101186647.xcdatamodeld;
			sourceTree = "<group>";
			versionGroupType = wrapper.xcdatamodel;
		};
/* End XCVersionGroup section */
	};
	rootObject = AA8C1F4F2F885216000CE99E /* Project object */;
}
